
Microsoft Visual Studio Solution File, Format Version 12.00
# Visual Studio Version 17
VisualStudioVersion = 17.0.31903.59
MinimumVisualStudioVersion = 10.0.40219.1
Project("{2150E333-8FDC-42A3-9474-1A3956D46DE8}") = "src", "src", "{AC1676DC-1BC1-43C4-928C-C57FDD8B5D02}"
EndProject
Project("{FAE04EC0-301F-11D3-BF4B-00C04F79EFBC}") = "SimpleAPI", "src\SimpleAPI\SimpleAPI.csproj", "{6E23517F-EBD7-4896-9882-34971513B85F}"
EndProject
Project("{2150E333-8FDC-42A3-9474-1A3956D46DE8}") = "test", "test", "{23FA3DD5-3E56-488D-BA72-92F56C95008B}"
EndProject
Project("{FAE04EC0-301F-11D3-BF4B-00C04F79EFBC}") = "SimpleAPI.Test", "test\SimpleAPI.test\SimpleAPI.Test.csproj", "{9DA15B9D-70B8-4916-BDE9-266EB15CDF37}"
EndProject
Global
	GlobalSection(SolutionConfigurationPlatforms) = preSolution
		Debug|Any CPU = Debug|Any CPU
		Release|Any CPU = Release|Any CPU
	EndGlobalSection
	GlobalSection(SolutionProperties) = preSolution
		HideSolutionNode = FALSE
	EndGlobalSection
	GlobalSection(ProjectConfigurationPlatforms) = postSolution
		{6E23517F-EBD7-4896-9882-34971513B85F}.Debug|Any CPU.ActiveCfg = Debug|Any CPU
		{6E23517F-EBD7-4896-9882-34971513B85F}.Debug|Any CPU.Build.0 = Debug|Any CPU
		{6E23517F-EBD7-4896-9882-34971513B85F}.Release|Any CPU.ActiveCfg = Release|Any CPU
		{6E23517F-EBD7-4896-9882-34971513B85F}.Release|Any CPU.Build.0 = Release|Any CPU
		{9DA15B9D-70B8-4916-BDE9-266EB15CDF37}.Debug|Any CPU.ActiveCfg = Debug|Any CPU
		{9DA15B9D-70B8-4916-BDE9-266EB15CDF37}.Debug|Any CPU.Build.0 = Debug|Any CPU
		{9DA15B9D-70B8-4916-BDE9-266EB15CDF37}.Release|Any CPU.ActiveCfg = Release|Any CPU
		{9DA15B9D-70B8-4916-BDE9-266EB15CDF37}.Release|Any CPU.Build.0 = Release|Any CPU
	EndGlobalSection
	GlobalSection(NestedProjects) = preSolution
		{6E23517F-EBD7-4896-9882-34971513B85F} = {AC1676DC-1BC1-43C4-928C-C57FDD8B5D02}
		{9DA15B9D-70B8-4916-BDE9-266EB15CDF37} = {23FA3DD5-3E56-488D-BA72-92F56C95008B}
	EndGlobalSection
EndGlobal
